
Microsoft Visual Studio Solution File, Format Version 12.00
# Visual Studio 15
VisualStudioVersion = 15.0.27703.2035
MinimumVisualStudioVersion = 10.0.40219.1
Project("{FAE04EC0-301F-11D3-BF4B-00C04F79EFBC}") = "testWebAPI", "testWebAPI\testWebAPI.csproj", "{A6027C0C-0CEA-4A30-9BDA-794037B070D0}"
EndProject
Project("{FAE04EC0-301F-11D3-BF4B-00C04F79EFBC}") = "testWebAPI.Core", "testWebAPI.Core\testWebAPI.Core.csproj", "{3538354C-F64B-4B28-B091-53F7D42BD5FF}"
EndProject
Global
	GlobalSection(SolutionConfigurationPlatforms) = preSolution
		Debug|Any CPU = Debug|Any CPU
		Release|Any CPU = Release|Any CPU
	EndGlobalSection
	GlobalSection(ProjectConfigurationPlatforms) = postSolution
		{A6027C0C-0CEA-4A30-9BDA-794037B070D0}.Debug|Any CPU.ActiveCfg = Debug|Any CPU
		{A6027C0C-0CEA-4A30-9BDA-794037B070D0}.Debug|Any CPU.Build.0 = Debug|Any CPU
		{A6027C0C-0CEA-4A30-9BDA-794037B070D0}.Release|Any CPU.ActiveCfg = Release|Any CPU
		{A6027C0C-0CEA-4A30-9BDA-794037B070D0}.Release|Any CPU.Build.0 = Release|Any CPU
		{3538354C-F64B-4B28-B091-53F7D42BD5FF}.Debug|Any CPU.ActiveCfg = Debug|Any CPU
		{3538354C-F64B-4B28-B091-53F7D42BD5FF}.Debug|Any CPU.Build.0 = Debug|Any CPU
		{3538354C-F64B-4B28-B091-53F7D42BD5FF}.Release|Any CPU.ActiveCfg = Release|Any CPU
		{3538354C-F64B-4B28-B091-53F7D42BD5FF}.Release|Any CPU.Build.0 = Release|Any CPU
	EndGlobalSection
	GlobalSection(SolutionProperties) = preSolution
		HideSolutionNode = FALSE
	EndGlobalSection
	GlobalSection(ExtensibilityGlobals) = postSolution
		SolutionGuid = {DD8DC133-0779-462E-ACDB-7D9F120C4FAB}
	EndGlobalSection
EndGlobal
